
Microsoft Visual Studio Solution File, Format Version 12.00
# Visual Studio 15
VisualStudioVersion = 15.0.26127.3
MinimumVisualStudioVersion = 10.0.40219.1
Project("{2150E333-8FDC-42A3-9474-1A3956D46DE8}") = "Test", "Test", "{301342BD-898B-4E9A-858E-F71ECBEFEEE1}"
EndProject
Project("{2150E333-8FDC-42A3-9474-1A3956D46DE8}") = "2-View", "2-View", "{DD4E9EDF-0028-4590-A3FA-5AC332F1DAC8}"
EndProject
Project("{2150E333-8FDC-42A3-9474-1A3956D46DE8}") = "1-Core", "1-Core", "{ECEB8D02-F917-48C8-B4CB-A743C10A27FF}"
EndProject
Project("{2150E333-8FDC-42A3-9474-1A3956D46DE8}") = "0-DAL", "0-DAL", "{D60915D0-C998-42B9-8C14-41DAF6EB6386}"
EndProject
Project("{FAE04EC0-301F-11D3-BF4B-00C04F79EFBC}") = "Model", "src\Core\Model.csproj", "{37A6CFDC-40A4-420C-ACBE-4BF226383F99}"
EndProject
Project("{FAE04EC0-301F-11D3-BF4B-00C04F79EFBC}") = "Repository", "src\Infrastructure\Repository.csproj", "{7A0650F2-2E8C-4CC4-8960-F23C728D48C8}"
EndProject
Project("{FAE04EC0-301F-11D3-BF4B-00C04F79EFBC}") = "Service", "src\Service\Service.csproj", "{A5D4B8C8-6B79-451B-B796-7F33BD49133E}"
EndProject
Project("{FAE04EC0-301F-11D3-BF4B-00C04F79EFBC}") = "Utilities", "test\Utilities\Utilities.csproj", "{4A09F2DC-7034-4C3C-A0EC-A59D74FC3772}"
EndProject
Project("{FAE04EC0-301F-11D3-BF4B-00C04F79EFBC}") = "Automate-Web", "test\Automate\Automate-Web.csproj", "{C5D5A810-1263-45FB-A6AC-F0404914068C}"
EndProject
Project("{FAE04EC0-301F-11D3-BF4B-00C04F79EFBC}") = "Integration", "test\Integration\Integration.csproj", "{7002A7A7-8B10-45CE-ADE4-FFC95D056891}"
EndProject
Project("{FAE04EC0-301F-11D3-BF4B-00C04F79EFBC}") = "Unit", "test\Unit\Unit.csproj", "{16670B5C-6D72-497A-A937-57148B8E2B78}"
EndProject
Project("{FAE04EC0-301F-11D3-BF4B-00C04F79EFBC}") = "Backoffice", "src\Webs\BackOffice\Backoffice.csproj", "{2CB0FA14-67C1-435E-BF21-ECA59BB193F0}"
EndProject
Project("{FAE04EC0-301F-11D3-BF4B-00C04F79EFBC}") = "AppServe", "src\Webs\AppServe\AppServe.csproj", "{7245D454-4893-42A6-9651-927B8EA81253}"
EndProject
Project("{FAE04EC0-301F-11D3-BF4B-00C04F79EFBC}") = "Api", "src\Webs\Api\Api.csproj", "{1FFD1F80-DC2C-4E6A-919C-598E51D9226B}"
EndProject
Global
	GlobalSection(SolutionConfigurationPlatforms) = preSolution
		Debug|Any CPU = Debug|Any CPU
		Release|Any CPU = Release|Any CPU
	EndGlobalSection
	GlobalSection(ProjectConfigurationPlatforms) = postSolution
		{37A6CFDC-40A4-420C-ACBE-4BF226383F99}.Debug|Any CPU.ActiveCfg = Debug|Any CPU
		{37A6CFDC-40A4-420C-ACBE-4BF226383F99}.Debug|Any CPU.Build.0 = Debug|Any CPU
		{37A6CFDC-40A4-420C-ACBE-4BF226383F99}.Release|Any CPU.ActiveCfg = Release|Any CPU
		{37A6CFDC-40A4-420C-ACBE-4BF226383F99}.Release|Any CPU.Build.0 = Release|Any CPU
		{7A0650F2-2E8C-4CC4-8960-F23C728D48C8}.Debug|Any CPU.ActiveCfg = Debug|Any CPU
		{7A0650F2-2E8C-4CC4-8960-F23C728D48C8}.Debug|Any CPU.Build.0 = Debug|Any CPU
		{7A0650F2-2E8C-4CC4-8960-F23C728D48C8}.Release|Any CPU.ActiveCfg = Release|Any CPU
		{7A0650F2-2E8C-4CC4-8960-F23C728D48C8}.Release|Any CPU.Build.0 = Release|Any CPU
		{A5D4B8C8-6B79-451B-B796-7F33BD49133E}.Debug|Any CPU.ActiveCfg = Debug|Any CPU
		{A5D4B8C8-6B79-451B-B796-7F33BD49133E}.Debug|Any CPU.Build.0 = Debug|Any CPU
		{A5D4B8C8-6B79-451B-B796-7F33BD49133E}.Release|Any CPU.ActiveCfg = Release|Any CPU
		{A5D4B8C8-6B79-451B-B796-7F33BD49133E}.Release|Any CPU.Build.0 = Release|Any CPU
		{4A09F2DC-7034-4C3C-A0EC-A59D74FC3772}.Debug|Any CPU.ActiveCfg = Debug|Any CPU
		{4A09F2DC-7034-4C3C-A0EC-A59D74FC3772}.Debug|Any CPU.Build.0 = Debug|Any CPU
		{4A09F2DC-7034-4C3C-A0EC-A59D74FC3772}.Release|Any CPU.ActiveCfg = Release|Any CPU
		{4A09F2DC-7034-4C3C-A0EC-A59D74FC3772}.Release|Any CPU.Build.0 = Release|Any CPU
		{C5D5A810-1263-45FB-A6AC-F0404914068C}.Debug|Any CPU.ActiveCfg = Debug|Any CPU
		{C5D5A810-1263-45FB-A6AC-F0404914068C}.Debug|Any CPU.Build.0 = Debug|Any CPU
		{C5D5A810-1263-45FB-A6AC-F0404914068C}.Release|Any CPU.ActiveCfg = Release|Any CPU
		{C5D5A810-1263-45FB-A6AC-F0404914068C}.Release|Any CPU.Build.0 = Release|Any CPU
		{7002A7A7-8B10-45CE-ADE4-FFC95D056891}.Debug|Any CPU.ActiveCfg = Debug|Any CPU
		{7002A7A7-8B10-45CE-ADE4-FFC95D056891}.Debug|Any CPU.Build.0 = Debug|Any CPU
		{7002A7A7-8B10-45CE-ADE4-FFC95D056891}.Release|Any CPU.ActiveCfg = Release|Any CPU
		{7002A7A7-8B10-45CE-ADE4-FFC95D056891}.Release|Any CPU.Build.0 = Release|Any CPU
		{16670B5C-6D72-497A-A937-57148B8E2B78}.Debug|Any CPU.ActiveCfg = Debug|Any CPU
		{16670B5C-6D72-497A-A937-57148B8E2B78}.Debug|Any CPU.Build.0 = Debug|Any CPU
		{16670B5C-6D72-497A-A937-57148B8E2B78}.Release|Any CPU.ActiveCfg = Release|Any CPU
		{16670B5C-6D72-497A-A937-57148B8E2B78}.Release|Any CPU.Build.0 = Release|Any CPU
		{2CB0FA14-67C1-435E-BF21-ECA59BB193F0}.Debug|Any CPU.ActiveCfg = Debug|Any CPU
		{2CB0FA14-67C1-435E-BF21-ECA59BB193F0}.Debug|Any CPU.Build.0 = Debug|Any CPU
		{2CB0FA14-67C1-435E-BF21-ECA59BB193F0}.Release|Any CPU.ActiveCfg = Release|Any CPU
		{2CB0FA14-67C1-435E-BF21-ECA59BB193F0}.Release|Any CPU.Build.0 = Release|Any CPU
		{7245D454-4893-42A6-9651-927B8EA81253}.Debug|Any CPU.ActiveCfg = Debug|Any CPU
		{7245D454-4893-42A6-9651-927B8EA81253}.Debug|Any CPU.Build.0 = Debug|Any CPU
		{7245D454-4893-42A6-9651-927B8EA81253}.Release|Any CPU.ActiveCfg = Release|Any CPU
		{7245D454-4893-42A6-9651-927B8EA81253}.Release|Any CPU.Build.0 = Release|Any CPU
		{1FFD1F80-DC2C-4E6A-919C-598E51D9226B}.Debug|Any CPU.ActiveCfg = Debug|Any CPU
		{1FFD1F80-DC2C-4E6A-919C-598E51D9226B}.Debug|Any CPU.Build.0 = Debug|Any CPU
		{1FFD1F80-DC2C-4E6A-919C-598E51D9226B}.Release|Any CPU.ActiveCfg = Release|Any CPU
		{1FFD1F80-DC2C-4E6A-919C-598E51D9226B}.Release|Any CPU.Build.0 = Release|Any CPU
	EndGlobalSection
	GlobalSection(SolutionProperties) = preSolution
		HideSolutionNode = FALSE
	EndGlobalSection
	GlobalSection(NestedProjects) = preSolution
		{37A6CFDC-40A4-420C-ACBE-4BF226383F99} = {D60915D0-C998-42B9-8C14-41DAF6EB6386}
		{7A0650F2-2E8C-4CC4-8960-F23C728D48C8} = {D60915D0-C998-42B9-8C14-41DAF6EB6386}
		{A5D4B8C8-6B79-451B-B796-7F33BD49133E} = {ECEB8D02-F917-48C8-B4CB-A743C10A27FF}
		{4A09F2DC-7034-4C3C-A0EC-A59D74FC3772} = {301342BD-898B-4E9A-858E-F71ECBEFEEE1}
		{C5D5A810-1263-45FB-A6AC-F0404914068C} = {301342BD-898B-4E9A-858E-F71ECBEFEEE1}
		{7002A7A7-8B10-45CE-ADE4-FFC95D056891} = {301342BD-898B-4E9A-858E-F71ECBEFEEE1}
		{16670B5C-6D72-497A-A937-57148B8E2B78} = {301342BD-898B-4E9A-858E-F71ECBEFEEE1}
		{2CB0FA14-67C1-435E-BF21-ECA59BB193F0} = {DD4E9EDF-0028-4590-A3FA-5AC332F1DAC8}
		{7245D454-4893-42A6-9651-927B8EA81253} = {DD4E9EDF-0028-4590-A3FA-5AC332F1DAC8}
		{1FFD1F80-DC2C-4E6A-919C-598E51D9226B} = {DD4E9EDF-0028-4590-A3FA-5AC332F1DAC8}
	EndGlobalSection
EndGlobal
